# @generated - this file is auto-generated by `mise lock` https://mise.jdx.dev/dev-tools/mise-lock.html

[[tools.go]]
version = "1.24.13"
backend = "core:go"

[tools.go."platforms.linux-arm64"]
checksum = "sha256:74d97be1cc3a474129590c67ebf748a96e72d9f3a2b6fef3ed3275de591d49b3"
url = "https://dl.google.com/go/go1.24.13.linux-arm64.tar.gz"

[tools.go."platforms.linux-arm64-musl"]
checksum = "sha256:74d97be1cc3a474129590c67ebf748a96e72d9f3a2b6fef3ed3275de591d49b3"
url = "https://dl.google.com/go/go1.24.13.linux-arm64.tar.gz"

[tools.go."platforms.linux-x64"]
checksum = "sha256:1fc94b57134d51669c72173ad5d49fd62afb0f1db9bf3f798fd98ee423f8d730"
url = "https://dl.google.com/go/go1.24.13.linux-amd64.tar.gz"

[tools.go."platforms.linux-x64-baseline"]
checksum = "sha256:1fc94b57134d51669c72173ad5d49fd62afb0f1db9bf3f798fd98ee423f8d730"
url = "https://dl.google.com/go/go1.24.13.linux-amd64.tar.gz"

[tools.go."platforms.linux-x64-musl"]
checksum = "sha256:1fc94b57134d51669c72173ad5d49fd62afb0f1db9bf3f798fd98ee423f8d730"
url = "https://dl.google.com/go/go1.24.13.linux-amd64.tar.gz"

[tools.go."platforms.linux-x64-musl-baseline"]
checksum = "sha256:1fc94b57134d51669c72173ad5d49fd62afb0f1db9bf3f798fd98ee423f8d730"
url = "https://dl.google.com/go/go1.24.13.linux-amd64.tar.gz"

[tools.go."platforms.macos-arm64"]
checksum = "sha256:f282d882c3353485e2fc6c634606d85caf36e855167d59b996dbeae19fa7629a"
url = "https://dl.google.com/go/go1.24.13.darwin-arm64.tar.gz"

[tools.go."platforms.macos-x64"]
checksum = "sha256:6cc6549b06725220b342b740497ffd24e0ebdcef75781a77931ca199f46ad781"
url = "https://dl.google.com/go/go1.24.13.darwin-amd64.tar.gz"

[tools.go."platforms.macos-x64-baseline"]
checksum = "sha256:6cc6549b06725220b342b740497ffd24e0ebdcef75781a77931ca199f46ad781"
url = "https://dl.google.com/go/go1.24.13.darwin-amd64.tar.gz"

[tools.go."platforms.windows-x64"]
checksum = "sha256:40b16bc8f00540a2cb02dff4de72b73e966fdd8d65f95e33d8e4080b48a2459a"
url = "https://dl.google.com/go/go1.24.13.windows-amd64.zip"

[tools.go."platforms.windows-x64-baseline"]
checksum = "sha256:40b16bc8f00540a2cb02dff4de72b73e966fdd8d65f95e33d8e4080b48a2459a"
url = "https://dl.google.com/go/go1.24.13.windows-amd64.zip"

[[tools.lefthook]]
version = "2.1.10"
backend = "aqua:evilmartians/lefthook"

[tools.lefthook."platforms.linux-arm64"]
checksum = "sha256:6380a6ad6dd484466fd69bd83f24491d6ec27dc0b84e837be025620f7c4e11e3"
url = "https://github.com/evilmartians/lefthook/releases/download/v2.1.10/lefthook_2.1.10_Linux_aarch64.gz"
url_api = "https://api.github.com/repos/evilmartians/lefthook/releases/assets/470227512"
provenance = "github-attestations"

[tools.lefthook."platforms.linux-arm64-musl"]
checksum = "sha256:6380a6ad6dd484466fd69bd83f24491d6ec27dc0b84e837be025620f7c4e11e3"
url = "https://github.com/evilmartians/lefthook/releases/download/v2.1.10/lefthook_2.1.10_Linux_aarch64.gz"
url_api = "https://api.github.com/repos/evilmartians/lefthook/releases/assets/470227512"
provenance = "github-attestations"

[tools.lefthook."platforms.linux-x64"]
checksum = "sha256:0b14162a0bb2f0c64ae0759f6102f6e19c4d00981666a8ac73d4f5a6878ada4f"
url = "https://github.com/evilmartians/lefthook/releases/download/v2.1.10/lefthook_2.1.10_Linux_x86_64.gz"
url_api = "https://api.github.com/repos/evilmartians/lefthook/releases/assets/470227493"
provenance = "github-attestations"

[tools.lefthook."platforms.linux-x64-baseline"]
checksum = "sha256:0b14162a0bb2f0c64ae0759f6102f6e19c4d00981666a8ac73d4f5a6878ada4f"
url = "https://github.com/evilmartians/lefthook/releases/download/v2.1.10/lefthook_2.1.10_Linux_x86_64.gz"
url_api = "https://api.github.com/repos/evilmartians/lefthook/releases/assets/470227493"
provenance = "github-attestations"

[tools.lefthook."platforms.linux-x64-musl"]
checksum = "sha256:0b14162a0bb2f0c64ae0759f6102f6e19c4d00981666a8ac73d4f5a6878ada4f"
url = "https://github.com/evilmartians/lefthook/releases/download/v2.1.10/lefthook_2.1.10_Linux_x86_64.gz"
url_api = "https://api.github.com/repos/evilmartians/lefthook/releases/assets/470227493"
provenance = "github-attestations"

[tools.lefthook."platforms.linux-x64-musl-baseline"]
checksum = "sha256:0b14162a0bb2f0c64ae0759f6102f6e19c4d00981666a8ac73d4f5a6878ada4f"
url = "https://github.com/evilmartians/lefthook/releases/download/v2.1.10/lefthook_2.1.10_Linux_x86_64.gz"
url_api = "https://api.github.com/repos/evilmartians/lefthook/releases/assets/470227493"
provenance = "github-attestations"

[tools.lefthook."platforms.macos-arm64"]
checksum = "sha256:1dd4dc7b4c50efb1f9d9122cd6535c793738d6e59751c228d49f768ec9dbb604"
url = "https://github.com/evilmartians/lefthook/releases/download/v2.1.10/lefthook_2.1.10_MacOS_arm64.gz"
url_api = "https://api.github.com/repos/evilmartians/lefthook/releases/assets/470227499"
provenance = "github-attestations"

[tools.lefthook."platforms.macos-x64"]
checksum = "sha256:49d905f28ca46442cb236060058b252da650b5f7b864bd275b61aa46945e8c4a"
url = "https://github.com/evilmartians/lefthook/releases/download/v2.1.10/lefthook_2.1.10_MacOS_x86_64.gz"
url_api = "https://api.github.com/repos/evilmartians/lefthook/releases/assets/470227495"
provenance = "github-attestations"

[tools.lefthook."platforms.macos-x64-baseline"]
checksum = "sha256:49d905f28ca46442cb236060058b252da650b5f7b864bd275b61aa46945e8c4a"
url = "https://github.com/evilmartians/lefthook/releases/download/v2.1.10/lefthook_2.1.10_MacOS_x86_64.gz"
url_api = "https://api.github.com/repos/evilmartians/lefthook/releases/assets/470227495"
provenance = "github-attestations"

[tools.lefthook."platforms.windows-x64"]
checksum = "sha256:beabbce824641ae71229ed11dd8634f47148921cb649d25c90441b737481494a"
url = "https://github.com/evilmartians/lefthook/releases/download/v2.1.10/lefthook_2.1.10_Windows_x86_64.gz"
url_api = "https://api.github.com/repos/evilmartians/lefthook/releases/assets/470227505"
provenance = "github-attestations"

[tools.lefthook."platforms.windows-x64-baseline"]
checksum = "sha256:beabbce824641ae71229ed11dd8634f47148921cb649d25c90441b737481494a"
url = "https://github.com/evilmartians/lefthook/releases/download/v2.1.10/lefthook_2.1.10_Windows_x86_64.gz"
url_api = "https://api.github.com/repos/evilmartians/lefthook/releases/assets/470227505"
provenance = "github-attestations"
